
Microsoft Visual Studio Solution File, Format Version 12.00
# Visual Studio Version 16
VisualStudioVersion = 16.0.31702.278
MinimumVisualStudioVersion = 10.0.40219.1
Project("{FAE04EC0-301F-11D3-BF4B-00C04F79EFBC}") = "NetChat2", "NetChat2\NetChat2.csproj", "{22422A1F-224E-4AEF-BFB3-78699F91233D}"
EndProject
Global
	GlobalSection(SolutionConfigurationPlatforms) = preSolution
		Debug|Any CPU = Debug|Any CPU
		Release|Any CPU = Release|Any CPU
	EndGlobalSection
	GlobalSection(ProjectConfigurationPlatforms) = postSolution
		{22422A1F-224E-4AEF-BFB3-78699F91233D}.Debug|Any CPU.ActiveCfg = Debug|Any CPU
		{22422A1F-224E-4AEF-BFB3-78699F91233D}.Debug|Any CPU.Build.0 = Debug|Any CPU
		{22422A1F-224E-4AEF-BFB3-78699F91233D}.Release|Any CPU.ActiveCfg = Release|Any CPU
		{22422A1F-224E-4AEF-BFB3-78699F91233D}.Release|Any CPU.Build.0 = Release|Any CPU
	EndGlobalSection
	GlobalSection(SolutionProperties) = preSolution
		HideSolutionNode = FALSE
	EndGlobalSection
	GlobalSection(ExtensibilityGlobals) = postSolution
		SolutionGuid = {B575F39F-B2D2-4042-9E08-B0591ACF4F46}
	EndGlobalSection
EndGlobal
